
Microsoft Visual Studio Solution File, Format Version 12.00
# Visual Studio Version 16
VisualStudioVersion = 16.0.30621.155
MinimumVisualStudioVersion = 10.0.40219.1
Project("{FAE04EC0-301F-11D3-BF4B-00C04F79EFBC}") = "ShopExample", "ShopExample.csproj", "{1BA578FE-2F4D-4BF1-9694-DA8B3C599CBF}"
EndProject
Global
	GlobalSection(SolutionConfigurationPlatforms) = preSolution
		Debug|Any CPU = Debug|Any CPU
		Release|Any CPU = Release|Any CPU
	EndGlobalSection
	GlobalSection(ProjectConfigurationPlatforms) = postSolution
		{1BA578FE-2F4D-4BF1-9694-DA8B3C599CBF}.Debug|Any CPU.ActiveCfg = Debug|Any CPU
		{1BA578FE-2F4D-4BF1-9694-DA8B3C599CBF}.Debug|Any CPU.Build.0 = Debug|Any CPU
		{1BA578FE-2F4D-4BF1-9694-DA8B3C599CBF}.Release|Any CPU.ActiveCfg = Release|Any CPU
		{1BA578FE-2F4D-4BF1-9694-DA8B3C599CBF}.Release|Any CPU.Build.0 = Release|Any CPU
	EndGlobalSection
	GlobalSection(SolutionProperties) = preSolution
		HideSolutionNode = FALSE
	EndGlobalSection
	GlobalSection(ExtensibilityGlobals) = postSolution
		SolutionGuid = {461B751A-6D94-4F77-B4A9-41A76DF10475}
	EndGlobalSection
EndGlobal
